
Microsoft Visual Studio Solution File, Format Version 12.00
# Visual Studio Version 17
VisualStudioVersion = 17.4.33213.308
MinimumVisualStudioVersion = 10.0.40219.1
Project("{9A19103F-16F7-4668-BE54-9A1E7A4F7556}") = "Mc2.CrudTest.AcceptanceTests", "Mc2.CrudTest.AcceptanceTests\Mc2.CrudTest.AcceptanceTests.csproj", "{6776DF76-1054-486C-A79A-57100C47032F}"
EndProject
Project("{9A19103F-16F7-4668-BE54-9A1E7A4F7556}") = "Mc2.CrudTest.Application", "Mc2.CrudTest.Application\Mc2.CrudTest.Application.csproj", "{F2C8370B-7B4F-4707-B3F4-2111DF97E5E9}"
EndProject
Project("{9A19103F-16F7-4668-BE54-9A1E7A4F7556}") = "Mc2.CrudTest.Domain", "Mc2.CrudTest.Domain\Mc2.CrudTest.Domain.csproj", "{2128A13A-59B6-440E-9FC7-191972CE6B6F}"
EndProject
Project("{9A19103F-16F7-4668-BE54-9A1E7A4F7556}") = "Mc2.CrudTest.Common", "Mc2.CrudTest.Common\Mc2.CrudTest.Common.csproj", "{DCF621B8-A7C0-4ABD-8BD6-0CB93E642B47}"
EndProject
Project("{9A19103F-16F7-4668-BE54-9A1E7A4F7556}") = "Mc2.CrudTest.Persistence", "Mc2.CrudTest.Persitence\Mc2.CrudTest.Persistence.csproj", "{16D5462B-B101-4DD0-AD6E-B48D7104C4D4}"
EndProject
Project("{2150E333-8FDC-42A3-9474-1A3956D46DE8}") = "ReadMe", "ReadMe", "{4F6D03D9-9382-41B6-A4C6-AACA4032CBAF}"
	ProjectSection(SolutionItems) = preProject
		ReadMe StepbyStep.txt = ReadMe StepbyStep.txt
	EndProjectSection
EndProject
Project("{9A19103F-16F7-4668-BE54-9A1E7A4F7556}") = "Mc2.CrudTest.Presentation.Api", "Mc2.CrudTest.Presentation.Api\Mc2.CrudTest.Presentation.Api.csproj", "{1AC8BEC7-079B-4D5B-B596-98363405FA02}"
EndProject
Global
	GlobalSection(SolutionConfigurationPlatforms) = preSolution
		Debug|Any CPU = Debug|Any CPU
		Release|Any CPU = Release|Any CPU
	EndGlobalSection
	GlobalSection(ProjectConfigurationPlatforms) = postSolution
		{6776DF76-1054-486C-A79A-57100C47032F}.Debug|Any CPU.ActiveCfg = Debug|Any CPU
		{6776DF76-1054-486C-A79A-57100C47032F}.Debug|Any CPU.Build.0 = Debug|Any CPU
		{6776DF76-1054-486C-A79A-57100C47032F}.Release|Any CPU.ActiveCfg = Release|Any CPU
		{6776DF76-1054-486C-A79A-57100C47032F}.Release|Any CPU.Build.0 = Release|Any CPU
		{F2C8370B-7B4F-4707-B3F4-2111DF97E5E9}.Debug|Any CPU.ActiveCfg = Debug|Any CPU
		{F2C8370B-7B4F-4707-B3F4-2111DF97E5E9}.Debug|Any CPU.Build.0 = Debug|Any CPU
		{F2C8370B-7B4F-4707-B3F4-2111DF97E5E9}.Release|Any CPU.ActiveCfg = Release|Any CPU
		{F2C8370B-7B4F-4707-B3F4-2111DF97E5E9}.Release|Any CPU.Build.0 = Release|Any CPU
		{2128A13A-59B6-440E-9FC7-191972CE6B6F}.Debug|Any CPU.ActiveCfg = Debug|Any CPU
		{2128A13A-59B6-440E-9FC7-191972CE6B6F}.Debug|Any CPU.Build.0 = Debug|Any CPU
		{2128A13A-59B6-440E-9FC7-191972CE6B6F}.Release|Any CPU.ActiveCfg = Release|Any CPU
		{2128A13A-59B6-440E-9FC7-191972CE6B6F}.Release|Any CPU.Build.0 = Release|Any CPU
		{DCF621B8-A7C0-4ABD-8BD6-0CB93E642B47}.Debug|Any CPU.ActiveCfg = Debug|Any CPU
		{DCF621B8-A7C0-4ABD-8BD6-0CB93E642B47}.Debug|Any CPU.Build.0 = Debug|Any CPU
		{DCF621B8-A7C0-4ABD-8BD6-0CB93E642B47}.Release|Any CPU.ActiveCfg = Release|Any CPU
		{DCF621B8-A7C0-4ABD-8BD6-0CB93E642B47}.Release|Any CPU.Build.0 = Release|Any CPU
		{16D5462B-B101-4DD0-AD6E-B48D7104C4D4}.Debug|Any CPU.ActiveCfg = Debug|Any CPU
		{16D5462B-B101-4DD0-AD6E-B48D7104C4D4}.Debug|Any CPU.Build.0 = Debug|Any CPU
		{16D5462B-B101-4DD0-AD6E-B48D7104C4D4}.Release|Any CPU.ActiveCfg = Release|Any CPU
		{16D5462B-B101-4DD0-AD6E-B48D7104C4D4}.Release|Any CPU.Build.0 = Release|Any CPU
		{1AC8BEC7-079B-4D5B-B596-98363405FA02}.Debug|Any CPU.ActiveCfg = Debug|Any CPU
		{1AC8BEC7-079B-4D5B-B596-98363405FA02}.Debug|Any CPU.Build.0 = Debug|Any CPU
		{1AC8BEC7-079B-4D5B-B596-98363405FA02}.Release|Any CPU.ActiveCfg = Release|Any CPU
		{1AC8BEC7-079B-4D5B-B596-98363405FA02}.Release|Any CPU.Build.0 = Release|Any CPU
	EndGlobalSection
	GlobalSection(SolutionProperties) = preSolution
		HideSolutionNode = FALSE
	EndGlobalSection
	GlobalSection(ExtensibilityGlobals) = postSolution
		SolutionGuid = {4B5A26C9-68C1-49D9-9F32-AF907A1730C2}
	EndGlobalSection
EndGlobal
